
Microsoft Visual Studio Solution File, Format Version 12.00
# Visual Studio 15
VisualStudioVersion = 15.0.28010.2036
MinimumVisualStudioVersion = 10.0.40219.1
Project("{FAE04EC0-301F-11D3-BF4B-00C04F79EFBC}") = "ConsoleAppObjectPool", "ConsoleAppObjectPool\ConsoleAppObjectPool.csproj", "{D7CA1821-121B-4CA4-A00F-253554D1BF50}"
EndProject
Global
	GlobalSection(SolutionConfigurationPlatforms) = preSolution
		Debug|Any CPU = Debug|Any CPU
		Release|Any CPU = Release|Any CPU
	EndGlobalSection
	GlobalSection(ProjectConfigurationPlatforms) = postSolution
		{D7CA1821-121B-4CA4-A00F-253554D1BF50}.Debug|Any CPU.ActiveCfg = Debug|Any CPU
		{D7CA1821-121B-4CA4-A00F-253554D1BF50}.Debug|Any CPU.Build.0 = Debug|Any CPU
		{D7CA1821-121B-4CA4-A00F-253554D1BF50}.Release|Any CPU.ActiveCfg = Release|Any CPU
		{D7CA1821-121B-4CA4-A00F-253554D1BF50}.Release|Any CPU.Build.0 = Release|Any CPU
	EndGlobalSection
	GlobalSection(SolutionProperties) = preSolution
		HideSolutionNode = FALSE
	EndGlobalSection
	GlobalSection(ExtensibilityGlobals) = postSolution
		SolutionGuid = {6F414042-D48B-444E-9334-6E5AE79AF7C3}
	EndGlobalSection
EndGlobal
